<?xml version="1.0" encoding="UTF-8"?>
<Scheme
   version = "1.3">
   <BuildAction>
      <BuildActionEntries>
         <BuildActionEntry
            buildForRunning = "YES">
            <BuildableReference
               BuildableIdentifier = "primary"
               BlueprintIdentifier = "E05C214CFC32CC1DDF83F164"
               BuildableName = "Guitare Scales.app"
               BlueprintName = "Guitare Scales"
               ReferencedContainer = "container:Guitare Scales.xcodeproj">
            </BuildableReference>
         </BuildActionEntry>
      </BuildActionEntries>
   </BuildAction>
   <LaunchAction
      useCustomWorkingDirectory = "NO"
      buildConfiguration = "Debug"
      allowLocationSimulation = "YES">
      <BuildableProductRunnable>
         <BuildableReference
            BuildableIdentifier = "primary"
            BlueprintIdentifier = "E05C214CFC32CC1DDF83F164"
            BuildableName = "Guitare Scales.app"
            BlueprintName = "Guitare Scales"
            ReferencedContainer = "container:Guitare Scales.xcodeproj">
         </BuildableReference>
      </BuildableProductRunnable>
   </LaunchAction>
</Scheme>
